
Microsoft Visual Studio Solution File, Format Version 12.00
# Visual Studio Version 18
VisualStudioVersion = 18.0.11018.127
MinimumVisualStudioVersion = 10.0.40219.1
Project("{FAE04EC0-301F-11D3-BF4B-00C04F79EFBC}") = "HugeVoice.Client", "HugeVoice.Client\HugeVoice.Client.csproj", "{98F90F76-2C3C-90FA-6124-591EB0B632FA}"
EndProject
Project("{FAE04EC0-301F-11D3-BF4B-00C04F79EFBC}") = "HugeVoice.Server", "HugeVoice.Server\HugeVoice.Server.csproj", "{83F12DA8-03DE-B1ED-F077-8CEC9F6B9BBB}"
EndProject
Project("{2150E333-8FDC-42A3-9474-1A3956D46DE8}") = "Solution Items", "Solution Items", "{45FE8D6D-C5F4-40EB-A413-56CDF4B3967E}"
	ProjectSection(SolutionItems) = preProject
		.github\copilot.instructions.md = .github\copilot.instructions.md
		README.md = README.md
	EndProjectSection
EndProject
Project("{FAE04EC0-301F-11D3-BF4B-00C04F79EFBC}") = "HugeVoice.Specs", "HugeVoice.Specs\HugeVoice.Specs.csproj", "{00251159-A745-442D-8941-32719B02EFF1}"
EndProject
Global
	GlobalSection(SolutionConfigurationPlatforms) = preSolution
		Debug|Any CPU = Debug|Any CPU
		Release|Any CPU = Release|Any CPU
	EndGlobalSection
	GlobalSection(ProjectConfigurationPlatforms) = postSolution
		{98F90F76-2C3C-90FA-6124-591EB0B632FA}.Debug|Any CPU.ActiveCfg = Debug|Any CPU
		{98F90F76-2C3C-90FA-6124-591EB0B632FA}.Debug|Any CPU.Build.0 = Debug|Any CPU
		{98F90F76-2C3C-90FA-6124-591EB0B632FA}.Release|Any CPU.ActiveCfg = Release|Any CPU
		{98F90F76-2C3C-90FA-6124-591EB0B632FA}.Release|Any CPU.Build.0 = Release|Any CPU
		{83F12DA8-03DE-B1ED-F077-8CEC9F6B9BBB}.Debug|Any CPU.ActiveCfg = Debug|Any CPU
		{83F12DA8-03DE-B1ED-F077-8CEC9F6B9BBB}.Debug|Any CPU.Build.0 = Debug|Any CPU
		{83F12DA8-03DE-B1ED-F077-8CEC9F6B9BBB}.Release|Any CPU.ActiveCfg = Release|Any CPU
		{83F12DA8-03DE-B1ED-F077-8CEC9F6B9BBB}.Release|Any CPU.Build.0 = Release|Any CPU
		{00251159-A745-442D-8941-32719B02EFF1}.Debug|Any CPU.ActiveCfg = Debug|Any CPU
		{00251159-A745-442D-8941-32719B02EFF1}.Debug|Any CPU.Build.0 = Debug|Any CPU
		{00251159-A745-442D-8941-32719B02EFF1}.Release|Any CPU.ActiveCfg = Release|Any CPU
		{00251159-A745-442D-8941-32719B02EFF1}.Release|Any CPU.Build.0 = Release|Any CPU
	EndGlobalSection
	GlobalSection(SolutionProperties) = preSolution
		HideSolutionNode = FALSE
	EndGlobalSection
	GlobalSection(ExtensibilityGlobals) = postSolution
		SolutionGuid = {9841CF59-3488-4D76-90D7-F4693A8B25D2}
	EndGlobalSection
EndGlobal
